
Microsoft Visual Studio Solution File, Format Version 12.00
# Visual Studio Version 17
VisualStudioVersion = 17.3.32825.248
MinimumVisualStudioVersion = 10.0.40219.1
Project("{9A19103F-16F7-4668-BE54-9A1E7A4F7556}") = "UCSC.SWFS.SRV.API", "UCSC.SWFS.SRV.API\UCSC.SWFS.SRV.API.csproj", "{7DFB89B0-9708-4A17-87D9-494CAD2F1E2D}"
EndProject
Project("{FAE04EC0-301F-11D3-BF4B-00C04F79EFBC}") = "UCSC.SWFS.SRV.Entity", "UCSC.SWFS.SRV.Entity\UCSC.SWFS.SRV.Entity.csproj", "{B866FC9F-0955-4670-9C6B-62840E1901C8}"
EndProject
Project("{FAE04EC0-301F-11D3-BF4B-00C04F79EFBC}") = "UCSC.SWFS.SRV.Service", "UCSC.SWFS.SRV.Service\UCSC.SWFS.SRV.Service.csproj", "{C449D2A5-6D26-4B6E-9FF1-7EC59D7C30F8}"
EndProject
Project("{FAE04EC0-301F-11D3-BF4B-00C04F79EFBC}") = "UCSC.SWFS.SRV.Repositories", "UCSC.SWFS.SRV.Repositories\UCSC.SWFS.SRV.Repositories.csproj", "{FFA823AE-0E55-40B3-882A-7500CD625858}"
EndProject
Project("{FAE04EC0-301F-11D3-BF4B-00C04F79EFBC}") = "UCSC.SWFS.SRV.Dto", "UCSC.SWFS.SRV.Dto\UCSC.SWFS.SRV.Dto.csproj", "{87B392C6-AAEE-496E-BF83-6A36BC5CF0CA}"
EndProject
Project("{FAE04EC0-301F-11D3-BF4B-00C04F79EFBC}") = "UCSC.SWFS.SRV.Utilities", "UCSC.SWFS.SRV.Utilities\UCSC.SWFS.SRV.Utilities.csproj", "{FA646F37-D7CA-4552-A193-9B26EF22DAE7}"
EndProject
Global
	GlobalSection(SolutionConfigurationPlatforms) = preSolution
		Debug|Any CPU = Debug|Any CPU
		Release|Any CPU = Release|Any CPU
	EndGlobalSection
	GlobalSection(ProjectConfigurationPlatforms) = postSolution
		{7DFB89B0-9708-4A17-87D9-494CAD2F1E2D}.Debug|Any CPU.ActiveCfg = Debug|Any CPU
		{7DFB89B0-9708-4A17-87D9-494CAD2F1E2D}.Debug|Any CPU.Build.0 = Debug|Any CPU
		{7DFB89B0-9708-4A17-87D9-494CAD2F1E2D}.Release|Any CPU.ActiveCfg = Release|Any CPU
		{7DFB89B0-9708-4A17-87D9-494CAD2F1E2D}.Release|Any CPU.Build.0 = Release|Any CPU
		{B866FC9F-0955-4670-9C6B-62840E1901C8}.Debug|Any CPU.ActiveCfg = Debug|Any CPU
		{B866FC9F-0955-4670-9C6B-62840E1901C8}.Debug|Any CPU.Build.0 = Debug|Any CPU
		{B866FC9F-0955-4670-9C6B-62840E1901C8}.Release|Any CPU.ActiveCfg = Release|Any CPU
		{B866FC9F-0955-4670-9C6B-62840E1901C8}.Release|Any CPU.Build.0 = Release|Any CPU
		{C449D2A5-6D26-4B6E-9FF1-7EC59D7C30F8}.Debug|Any CPU.ActiveCfg = Debug|Any CPU
		{C449D2A5-6D26-4B6E-9FF1-7EC59D7C30F8}.Debug|Any CPU.Build.0 = Debug|Any CPU
		{C449D2A5-6D26-4B6E-9FF1-7EC59D7C30F8}.Release|Any CPU.ActiveCfg = Release|Any CPU
		{C449D2A5-6D26-4B6E-9FF1-7EC59D7C30F8}.Release|Any CPU.Build.0 = Release|Any CPU
		{FFA823AE-0E55-40B3-882A-7500CD625858}.Debug|Any CPU.ActiveCfg = Debug|Any CPU
		{FFA823AE-0E55-40B3-882A-7500CD625858}.Debug|Any CPU.Build.0 = Debug|Any CPU
		{FFA823AE-0E55-40B3-882A-7500CD625858}.Release|Any CPU.ActiveCfg = Release|Any CPU
		{FFA823AE-0E55-40B3-882A-7500CD625858}.Release|Any CPU.Build.0 = Release|Any CPU
		{87B392C6-AAEE-496E-BF83-6A36BC5CF0CA}.Debug|Any CPU.ActiveCfg = Debug|Any CPU
		{87B392C6-AAEE-496E-BF83-6A36BC5CF0CA}.Debug|Any CPU.Build.0 = Debug|Any CPU
		{87B392C6-AAEE-496E-BF83-6A36BC5CF0CA}.Release|Any CPU.ActiveCfg = Release|Any CPU
		{87B392C6-AAEE-496E-BF83-6A36BC5CF0CA}.Release|Any CPU.Build.0 = Release|Any CPU
		{FA646F37-D7CA-4552-A193-9B26EF22DAE7}.Debug|Any CPU.ActiveCfg = Debug|Any CPU
		{FA646F37-D7CA-4552-A193-9B26EF22DAE7}.Debug|Any CPU.Build.0 = Debug|Any CPU
		{FA646F37-D7CA-4552-A193-9B26EF22DAE7}.Release|Any CPU.ActiveCfg = Release|Any CPU
		{FA646F37-D7CA-4552-A193-9B26EF22DAE7}.Release|Any CPU.Build.0 = Release|Any CPU
	EndGlobalSection
	GlobalSection(SolutionProperties) = preSolution
		HideSolutionNode = FALSE
	EndGlobalSection
	GlobalSection(ExtensibilityGlobals) = postSolution
		SolutionGuid = {46743A2A-E5AC-4AB8-A263-E71F2E33A2D7}
	EndGlobalSection
EndGlobal
